// !$*UTF8*$!
{
	archiveVersion = 1;
	classes = {
	};
	objectVersion = 56;
	objects = {

/* Begin PBXBuildFile section */
		E7B2824C2B8CC2DC00D1A58E /* AppDelegate.swift in Sources */ = {isa = PBXBuildFile; fileRef = E7B2824B2B8CC2DC00D1A58E /* AppDelegate.swift */; };
		E7B2824E2B8CC2DC00D1A58E /* GameScene.sks in Resources */ = {isa = PBXBuildFile; fileRef = E7B2824D2B8CC2DC00D1A58E /* GameScene.sks */; };
		E7B282502B8CC2DC00D1A58E /* Actions.sks in Resources */ = {isa = PBXBuildFile; fileRef = E7B2824F2B8CC2DC00D1A58E /* Actions.sks */; };
		E7B282522B8CC2DC00D1A58E /* GameScene.swift in Sources */ = {isa = PBXBuildFile; fileRef = E7B282512B8CC2DC00D1A58E /* GameScene.swift */; };
		E7B282542B8CC2DC00D1A58E /* ViewController.swift in Sources */ = {isa = PBXBuildFile; fileRef = E7B282532B8CC2DC00D1A58E /* ViewController.swift */; };
		E7B282562B8CC2DD00D1A58E /* Assets.xcassets in Resources */ = {isa = PBXBuildFile; fileRef = E7B282552B8CC2DD00D1A58E /* Assets.xcassets */; };
		E7B282592B8CC2DD00D1A58E /* Main.storyboard in Resources */ = {isa = PBXBuildFile; fileRef = E7B282572B8CC2DD00D1A58E /* Main.storyboard */; };
/* End PBXBuildFile section */

/* Begin PBXContainerItemProxy section */
		E7B282602B8CC2DD00D1A58E /* PBXContainerItemProxy */ = {
			isa = PBXContainerItemProxy;
			containerPortal = E7B282402B8CC2DB00D1A58E /* Project object */;
			proxyType = 1;
			remoteGlobalIDString = E7B282472B8CC2DC00D1A58E;
			remoteInfo = dolbypottersadventure;
		};
		E7B2826A2B8CC2DD00D1A58E /* PBXContainerItemProxy */ = {
			isa = PBXContainerItemProxy;
			containerPortal = E7B282402B8CC2DB00D1A58E /* Project object */;
			proxyType = 1;
			remoteGlobalIDString = E7B282472B8CC2DC00D1A58E;
			remoteInfo = dolbypottersadventure;
		};
/* End PBXContainerItemProxy section */

/* Begin PBXFileReference section */
		E7B282482B8CC2DC00D1A58E /* dolbypottersadventure.app */ = {isa = PBXFileReference; explicitFileType = wrapper.application; includeInIndex = 0; path = dolbypottersadventure.app; sourceTree = BUILT_PRODUCTS_DIR; };
		E7B2824B2B8CC2DC00D1A58E /* AppDelegate.swift */ = {isa = PBXFileReference; lastKnownFileType = sourcecode.swift; path = AppDelegate.swift; sourceTree = "<group>"; };
		E7B2824D2B8CC2DC00D1A58E /* GameScene.sks */ = {isa = PBXFileReference; lastKnownFileType = file.sks; path = GameScene.sks; sourceTree = "<group>"; };
		E7B2824F2B8CC2DC00D1A58E /* Actions.sks */ = {isa = PBXFileReference; lastKnownFileType = file.sks; path = Actions.sks; sourceTree = "<group>"; };
		E7B282512B8CC2DC00D1A58E /* GameScene.swift */ = {isa = PBXFileReference; lastKnownFileType = sourcecode.swift; path = GameScene.swift; sourceTree = "<group>"; };
		E7B282532B8CC2DC00D1A58E /* ViewController.swift */ = {isa = PBXFileReference; lastKnownFileType = sourcecode.swift; path = ViewController.swift; sourceTree = "<group>"; };
		E7B282552B8CC2DD00D1A58E /* Assets.xcassets */ = {isa = PBXFileReference; lastKnownFileType = folder.assetcatalog; path = Assets.xcassets; sourceTree = "<group>"; };
		E7B282582B8CC2DD00D1A58E /* Base */ = {isa = PBXFileReference; lastKnownFileType = file.storyboard; name = Base; path = Base.lproj/Main.storyboard; sourceTree = "<group>"; };
		E7B2825A2B8CC2DD00D1A58E /* dolbypottersadventure.entitlements */ = {isa = PBXFileReference; lastKnownFileType = text.plist.entitlements; path = dolbypottersadventure.entitlements; sourceTree = "<group>"; };
		E7B2825F2B8CC2DD00D1A58E /* dolbypottersadventureTests.xctest */ = {isa = PBXFileReference; explicitFileType = wrapper.cfbundle; includeInIndex = 0; path = dolbypottersadventureTests.xctest; sourceTree = BUILT_PRODUCTS_DIR; };
		E7B282692B8CC2DD00D1A58E /* dolbypottersadventureUITests.xctest */ = {isa = PBXFileReference; explicitFileType = wrapper.cfbundle; includeInIndex = 0; path = dolbypottersadventureUITests.xctest; sourceTree = BUILT_PRODUCTS_DIR; };
/* End PBXFileReference section */

/* Begin PBXFrameworksBuildPhase section */
		E7B282452B8CC2DC00D1A58E /* Frameworks */ = {
			isa = PBXFrameworksBuildPhase;
			buildActionMask = 2147483647;
			files = (
			);
			runOnlyForDeploymentPostprocessing = 0;
		};
		E7B2825C2B8CC2DD00D1A58E /* Frameworks */ = {
			isa = PBXFrameworksBuildPhase;
			buildActionMask = 2147483647;
			files = (
			);
			runOnlyForDeploymentPostprocessing = 0;
		};
		E7B282662B8CC2DD00D1A58E /* Frameworks */ = {
			isa = PBXFrameworksBuildPhase;
			buildActionMask = 2147483647;
			files = (
			);
			runOnlyForDeploymentPostprocessing = 0;
		};
/* End PBXFrameworksBuildPhase section */

/* Begin PBXGroup section */
		E7B2823F2B8CC2DB00D1A58E = {
			isa = PBXGroup;
			children = (
				E7B2824A2B8CC2DC00D1A58E /* dolbypottersadventure */,
				E7B282492B8CC2DC00D1A58E /* Products */,
			);
			sourceTree = "<group>";
		};
		E7B282492B8CC2DC00D1A58E /* Products */ = {
			isa = PBXGroup;
			children = (
				E7B282482B8CC2DC00D1A58E /* dolbypottersadventure.app */,
				E7B2825F2B8CC2DD00D1A58E /* dolbypottersadventureTests.xctest */,
				E7B282692B8CC2DD00D1A58E /* dolbypottersadventureUITests.xctest */,
			);
			name = Products;
			sourceTree = "<group>";
		};
		E7B2824A2B8CC2DC00D1A58E /* dolbypottersadventure */ = {
			isa = PBXGroup;
			children = (
				E7B2824B2B8CC2DC00D1A58E /* AppDelegate.swift */,
				E7B2824D2B8CC2DC00D1A58E /* GameScene.sks */,
				E7B2824F2B8CC2DC00D1A58E /* Actions.sks */,
				E7B282512B8CC2DC00D1A58E /* GameScene.swift */,
				E7B282532B8CC2DC00D1A58E /* ViewController.swift */,
				E7B282552B8CC2DD00D1A58E /* Assets.xcassets */,
				E7B282572B8CC2DD00D1A58E /* Main.storyboard */,
				E7B2825A2B8CC2DD00D1A58E /* dolbypottersadventure.entitlements */,
			);
			path = dolbypottersadventure;
			sourceTree = "<group>";
		};
/* End PBXGroup section */

/* Begin PBXNativeTarget section */
		E7B282472B8CC2DC00D1A58E /* dolbypottersadventure */ = {
			isa = PBXNativeTarget;
			buildConfigurationList = E7B282732B8CC2DD00D1A58E /* Build configuration list for PBXNativeTarget "dolbypottersadventure" */;
			buildPhases = (
				E7B282442B8CC2DC00D1A58E /* Sources */,
				E7B282452B8CC2DC00D1A58E /* Frameworks */,
				E7B282462B8CC2DC00D1A58E /* Resources */,
			);
			buildRules = (
			);
			dependencies = (
			);
			name = dolbypottersadventure;
			productName = dolbypottersadventure;
			productReference = E7B282482B8CC2DC00D1A58E /* dolbypottersadventure.app */;
			productType = "com.apple.product-type.application";
		};
		E7B2825E2B8CC2DD00D1A58E /* dolbypottersadventureTests */ = {
			isa = PBXNativeTarget;
			buildConfigurationList = E7B282762B8CC2DD00D1A58E /* Build configuration list for PBXNativeTarget "dolbypottersadventureTests" */;
			buildPhases = (
				E7B2825B2B8CC2DD00D1A58E /* Sources */,
				E7B2825C2B8CC2DD00D1A58E /* Frameworks */,
				E7B2825D2B8CC2DD00D1A58E /* Resources */,
			);
			buildRules = (
			);
			dependencies = (
				E7B282612B8CC2DD00D1A58E /* PBXTargetDependency */,
			);
			name = dolbypottersadventureTests;
			productName = dolbypottersadventureTests;
			productReference = E7B2825F2B8CC2DD00D1A58E /* dolbypottersadventureTests.xctest */;
			productType = "com.apple.product-type.bundle.unit-test";
		};
		E7B282682B8CC2DD00D1A58E /* dolbypottersadventureUITests */ = {
			isa = PBXNativeTarget;
			buildConfigurationList = E7B282792B8CC2DD00D1A58E /* Build configuration list for PBXNativeTarget "dolbypottersadventureUITests" */;
			buildPhases = (
				E7B282652B8CC2DD00D1A58E /* Sources */,
				E7B282662B8CC2DD00D1A58E /* Frameworks */,
				E7B282672B8CC2DD00D1A58E /* Resources */,
			);
			buildRules = (
			);
			dependencies = (
				E7B2826B2B8CC2DD00D1A58E /* PBXTargetDependency */,
			);
			name = dolbypottersadventureUITests;
			productName = dolbypottersadventureUITests;
			productReference = E7B282692B8CC2DD00D1A58E /* dolbypottersadventureUITests.xctest */;
			productType = "com.apple.product-type.bundle.ui-testing";
		};
/* End PBXNativeTarget section */

/* Begin PBXProject section */
		E7B282402B8CC2DB00D1A58E /* Project object */ = {
			isa = PBXProject;
			attributes = {
				BuildIndependentTargetsInParallel = 1;
				LastSwiftUpdateCheck = 1520;
				LastUpgradeCheck = 1520;
				TargetAttributes = {
					E7B282472B8CC2DC00D1A58E = {
						CreatedOnToolsVersion = 15.2;
					};
					E7B2825E2B8CC2DD00D1A58E = {
						CreatedOnToolsVersion = 15.2;
						TestTargetID = E7B282472B8CC2DC00D1A58E;
					};
					E7B282682B8CC2DD00D1A58E = {
						CreatedOnToolsVersion = 15.2;
						TestTargetID = E7B282472B8CC2DC00D1A58E;
					};
				};
			};
			buildConfigurationList = E7B282432B8CC2DB00D1A58E /* Build configuration list for PBXProject "dolbypottersadventure" */;
			compatibilityVersion = "Xcode 14.0";
			developmentRegion = en;
			hasScannedForEncodings = 0;
			knownRegions = (
				en,
				Base,
			);
			mainGroup = E7B2823F2B8CC2DB00D1A58E;
			productRefGroup = E7B282492B8CC2DC00D1A58E /* Products */;
			projectDirPath = "";
			projectRoot = "";
			targets = (
				E7B282472B8CC2DC00D1A58E /* dolbypottersadventure */,
				E7B2825E2B8CC2DD00D1A58E /* dolbypottersadventureTests */,
				E7B282682B8CC2DD00D1A58E /* dolbypottersadventureUITests */,
			);
		};
/* End PBXProject section */

/* Begin PBXResourcesBuildPhase section */
		E7B282462B8CC2DC00D1A58E /* Resources */ = {
			isa = PBXResourcesBuildPhase;
			buildActionMask = 2147483647;
			files = (
				E7B2824E2B8CC2DC00D1A58E /* GameScene.sks in Resources */,
				E7B282562B8CC2DD00D1A58E /* Assets.xcassets in Resources */,
				E7B282502B8CC2DC00D1A58E /* Actions.sks in Resources */,
				E7B282592B8CC2DD00D1A58E /* Main.storyboard in Resources */,
			);
			runOnlyForDeploymentPostprocessing = 0;
		};
		E7B2825D2B8CC2DD00D1A58E /* Resources */ = {
			isa = PBXResourcesBuildPhase;
			buildActionMask = 2147483647;
			files = (
			);
			runOnlyForDeploymentPostprocessing = 0;
		};
		E7B282672B8CC2DD00D1A58E /* Resources */ = {
			isa = PBXResourcesBuildPhase;
			buildActionMask = 2147483647;
			files = (
			);
			runOnlyForDeploymentPostprocessing = 0;
		};
/* End PBXResourcesBuildPhase section */

/* Begin PBXSourcesBuildPhase section */
		E7B282442B8CC2DC00D1A58E /* Sources */ = {
			isa = PBXSourcesBuildPhase;
			buildActionMask = 2147483647;
			files = (
				E7B282542B8CC2DC00D1A58E /* ViewController.swift in Sources */,
				E7B282522B8CC2DC00D1A58E /* GameScene.swift in Sources */,
				E7B2824C2B8CC2DC00D1A58E /* AppDelegate.swift in Sources */,
			);
			runOnlyForDeploymentPostprocessing = 0;
		};
		E7B2825B2B8CC2DD00D1A58E /* Sources */ = {
			isa = PBXSourcesBuildPhase;
			buildActionMask = 2147483647;
			files = (
			);
			runOnlyForDeploymentPostprocessing = 0;
		};
		E7B282652B8CC2DD00D1A58E /* Sources */ = {
			isa = PBXSourcesBuildPhase;
			buildActionMask = 2147483647;
			files = (
			);
			runOnlyForDeploymentPostprocessing = 0;
		};
/* End PBXSourcesBuildPhase section */

/* Begin PBXTargetDependency section */
		E7B282612B8CC2DD00D1A58E /* PBXTargetDependency */ = {
			isa = PBXTargetDependency;
			target = E7B282472B8CC2DC00D1A58E /* dolbypottersadventure */;
			targetProxy = E7B282602B8CC2DD00D1A58E /* PBXContainerItemProxy */;
		};
		E7B2826B2B8CC2DD00D1A58E /* PBXTargetDependency */ = {
			isa = PBXTargetDependency;
			target = E7B282472B8CC2DC00D1A58E /* dolbypottersadventure */;
			targetProxy = E7B2826A2B8CC2DD00D1A58E /* PBXContainerItemProxy */;
		};
/* End PBXTargetDependency section */

/* Begin PBXVariantGroup section */
		E7B282572B8CC2DD00D1A58E /* Main.storyboard */ = {
			isa = PBXVariantGroup;
			children = (
				E7B282582B8CC2DD00D1A58E /* Base */,
			);
			name = Main.storyboard;
			sourceTree = "<group>";
		};
/* End PBXVariantGroup section */

/* Begin XCBuildConfiguration section */
		E7B282712B8CC2DD00D1A58E /* Debug */ = {
			isa = XCBuildConfiguration;
			buildSettings = {
				ALWAYS_SEARCH_USER_PATHS = NO;
				ASSETCATALOG_COMPILER_GENERATE_SWIFT_ASSET_SYMBOL_EXTENSIONS = YES;
				CLANG_ANALYZER_NONNULL = YES;
				CLANG_ANALYZER_NUMBER_OBJECT_CONVERSION = YES_AGGRESSIVE;
				CLANG_CXX_LANGUAGE_STANDARD = "gnu++20";
				CLANG_ENABLE_MODULES = YES;
				CLANG_ENABLE_OBJC_ARC = YES;
				CLANG_ENABLE_OBJC_WEAK = YES;
				CLANG_WARN_BLOCK_CAPTURE_AUTORELEASING = YES;
				CLANG_WARN_BOOL_CONVERSION = YES;
				CLANG_WARN_COMMA = YES;
				CLANG_WARN_CONSTANT_CONVERSION = YES;
				CLANG_WARN_DEPRECATED_OBJC_IMPLEMENTATIONS = YES;
				CLANG_WARN_DIRECT_OBJC_ISA_USAGE = YES_ERROR;
				CLANG_WARN_DOCUMENTATION_COMMENTS = YES;
				CLANG_WARN_EMPTY_BODY = YES;
				CLANG_WARN_ENUM_CONVERSION = YES;
				CLANG_WARN_INFINITE_RECURSION = YES;
				CLANG_WARN_INT_CONVERSION = YES;
				CLANG_WARN_NON_LITERAL_NULL_CONVERSION = YES;
				CLANG_WARN_OBJC_IMPLICIT_RETAIN_SELF = YES;
				CLANG_WARN_OBJC_LITERAL_CONVERSION = YES;
				CLANG_WARN_OBJC_ROOT_CLASS = YES_ERROR;
				CLANG_WARN_QUOTED_INCLUDE_IN_FRAMEWORK_HEADER = YES;
				CLANG_WARN_RANGE_LOOP_ANALYSIS = YES;
				CLANG_WARN_STRICT_PROTOTYPES = YES;
				CLANG_WARN_SUSPICIOUS_MOVE = YES;
				CLANG_WARN_UNGUARDED_AVAILABILITY = YES_AGGRESSIVE;
				CLANG_WARN_UNREACHABLE_CODE = YES;
				CLANG_WARN__DUPLICATE_METHOD_MATCH = YES;
				COPY_PHASE_STRIP = NO;
				DEBUG_INFORMATION_FORMAT = dwarf;
				ENABLE_STRICT_OBJC_MSGSEND = YES;
				ENABLE_TESTABILITY = YES;
				ENABLE_USER_SCRIPT_SANDBOXING = YES;
				GCC_C_LANGUAGE_STANDARD = gnu17;
				GCC_DYNAMIC_NO_PIC = NO;
				GCC_NO_COMMON_BLOCKS = YES;
				GCC_OPTIMIZATION_LEVEL = 0;
				GCC_PREPROCESSOR_DEFINITIONS = (
					"DEBUG=1",
					"$(inherited)",
				);
				GCC_WARN_64_TO_32_BIT_CONVERSION = YES;
				GCC_WARN_ABOUT_RETURN_TYPE = YES_ERROR;
				GCC_WARN_UNDECLARED_SELECTOR = YES;
				GCC_WARN_UNINITIALIZED_AUTOS = YES_AGGRESSIVE;
				GCC_WARN_UNUSED_FUNCTION = YES;
				GCC_WARN_UNUSED_VARIABLE = YES;
				LOCALIZATION_PREFERS_STRING_CATALOGS = YES;
				MACOSX_DEPLOYMENT_TARGET = 14.2;
				MTL_ENABLE_DEBUG_INFO = INCLUDE_SOURCE;
				MTL_FAST_MATH = YES;
				ONLY_ACTIVE_ARCH = YES;
				SDKROOT = macosx;
				SWIFT_ACTIVE_COMPILATION_CONDITIONS = "DEBUG $(inherited)";
				SWIFT_OPTIMIZATION_LEVEL = "-Onone";
			};
			name = Debug;
		};
		E7B282722B8CC2DD00D1A58E /* Release */ = {
			isa = XCBuildConfiguration;
			buildSettings = {
				ALWAYS_SEARCH_USER_PATHS = NO;
				ASSETCATALOG_COMPILER_GENERATE_SWIFT_ASSET_SYMBOL_EXTENSIONS = YES;
				CLANG_ANALYZER_NONNULL = YES;
				CLANG_ANALYZER_NUMBER_OBJECT_CONVERSION = YES_AGGRESSIVE;
				CLANG_CXX_LANGUAGE_STANDARD = "gnu++20";
				CLANG_ENABLE_MODULES = YES;
				CLANG_ENABLE_OBJC_ARC = YES;
				CLANG_ENABLE_OBJC_WEAK = YES;
				CLANG_WARN_BLOCK_CAPTURE_AUTORELEASING = YES;
				CLANG_WARN_BOOL_CONVERSION = YES;
				CLANG_WARN_COMMA = YES;
				CLANG_WARN_CONSTANT_CONVERSION = YES;
				CLANG_WARN_DEPRECATED_OBJC_IMPLEMENTATIONS = YES;
				CLANG_WARN_DIRECT_OBJC_ISA_USAGE = YES_ERROR;
				CLANG_WARN_DOCUMENTATION_COMMENTS = YES;
				CLANG_WARN_EMPTY_BODY = YES;
				CLANG_WARN_ENUM_CONVERSION = YES;
				CLANG_WARN_INFINITE_RECURSION = YES;
				CLANG_WARN_INT_CONVERSION = YES;
				CLANG_WARN_NON_LITERAL_NULL_CONVERSION = YES;
				CLANG_WARN_OBJC_IMPLICIT_RETAIN_SELF = YES;
				CLANG_WARN_OBJC_LITERAL_CONVERSION = YES;
				CLANG_WARN_OBJC_ROOT_CLASS = YES_ERROR;
				CLANG_WARN_QUOTED_INCLUDE_IN_FRAMEWORK_HEADER = YES;
				CLANG_WARN_RANGE_LOOP_ANALYSIS = YES;
				CLANG_WARN_STRICT_PROTOTYPES = YES;
				CLANG_WARN_SUSPICIOUS_MOVE = YES;
				CLANG_WARN_UNGUARDED_AVAILABILITY = YES_AGGRESSIVE;
				CLANG_WARN_UNREACHABLE_CODE = YES;
				CLANG_WARN__DUPLICATE_METHOD_MATCH = YES;
				COPY_PHASE_STRIP = NO;
				DEBUG_INFORMATION_FORMAT = "dwarf-with-dsym";
				ENABLE_NS_ASSERTIONS = NO;
				ENABLE_STRICT_OBJC_MSGSEND = YES;
				ENABLE_USER_SCRIPT_SANDBOXING = YES;
				GCC_C_LANGUAGE_STANDARD = gnu17;
				GCC_NO_COMMON_BLOCKS = YES;
				GCC_WARN_64_TO_32_BIT_CONVERSION = YES;
				GCC_WARN_ABOUT_RETURN_TYPE = YES_ERROR;
				GCC_WARN_UNDECLARED_SELECTOR = YES;
				GCC_WARN_UNINITIALIZED_AUTOS = YES_AGGRESSIVE;
				GCC_WARN_UNUSED_FUNCTION = YES;
				GCC_WARN_UNUSED_VARIABLE = YES;
				LOCALIZATION_PREFERS_STRING_CATALOGS = YES;
				MACOSX_DEPLOYMENT_TARGET = 14.2;
				MTL_ENABLE_DEBUG_INFO = NO;
				MTL_FAST_MATH = YES;
				SDKROOT = macosx;
				SWIFT_COMPILATION_MODE = wholemodule;
			};
			name = Release;
		};
		E7B282742B8CC2DD00D1A58E /* Debug */ = {
			isa = XCBuildConfiguration;
			buildSettings = {
				ASSETCATALOG_COMPILER_APPICON_NAME = AppIcon;
				ASSETCATALOG_COMPILER_GLOBAL_ACCENT_COLOR_NAME = AccentColor;
				CODE_SIGN_ENTITLEMENTS = dolbypottersadventure/dolbypottersadventure.entitlements;
				CODE_SIGN_STYLE = Automatic;
				COMBINE_HIDPI_IMAGES = YES;
				CURRENT_PROJECT_VERSION = 1;
				DEVELOPMENT_TEAM = F6266H32KA;
				ENABLE_HARDENED_RUNTIME = YES;
				GENERATE_INFOPLIST_FILE = YES;
				INFOPLIST_KEY_NSHumanReadableCopyright = "";
				INFOPLIST_KEY_NSMainStoryboardFile = Main;
				INFOPLIST_KEY_NSPrincipalClass = NSApplication;
				LD_RUNPATH_SEARCH_PATHS = (
					"$(inherited)",
					"@executable_path/../Frameworks",
				);
				MARKETING_VERSION = 1.0;
				PRODUCT_BUNDLE_IDENTIFIER = com.JaxApps.spritekit.dolbypottersadventure;
				PRODUCT_NAME = "$(TARGET_NAME)";
				SWIFT_EMIT_LOC_STRINGS = YES;
				SWIFT_VERSION = 5.0;
			};
			name = Debug;
		};
		E7B282752B8CC2DD00D1A58E /* Release */ = {
			isa = XCBuildConfiguration;
			buildSettings = {
				ASSETCATALOG_COMPILER_APPICON_NAME = AppIcon;
				ASSETCATALOG_COMPILER_GLOBAL_ACCENT_COLOR_NAME = AccentColor;
				CODE_SIGN_ENTITLEMENTS = dolbypottersadventure/dolbypottersadventure.entitlements;
				CODE_SIGN_STYLE = Automatic;
				COMBINE_HIDPI_IMAGES = YES;
				CURRENT_PROJECT_VERSION = 1;
				DEVELOPMENT_TEAM = F6266H32KA;
				ENABLE_HARDENED_RUNTIME = YES;
				GENERATE_INFOPLIST_FILE = YES;
				INFOPLIST_KEY_NSHumanReadableCopyright = "";
				INFOPLIST_KEY_NSMainStoryboardFile = Main;
				INFOPLIST_KEY_NSPrincipalClass = NSApplication;
				LD_RUNPATH_SEARCH_PATHS = (
					"$(inherited)",
					"@executable_path/../Frameworks",
				);
				MARKETING_VERSION = 1.0;
				PRODUCT_BUNDLE_IDENTIFIER = com.JaxApps.spritekit.dolbypottersadventure;
				PRODUCT_NAME = "$(TARGET_NAME)";
				SWIFT_EMIT_LOC_STRINGS = YES;
				SWIFT_VERSION = 5.0;
			};
			name = Release;
		};
		E7B282772B8CC2DD00D1A58E /* Debug */ = {
			isa = XCBuildConfiguration;
			buildSettings = {
				ALWAYS_EMBED_SWIFT_STANDARD_LIBRARIES = YES;
				BUNDLE_LOADER = "$(TEST_HOST)";
				CODE_SIGN_STYLE = Automatic;
				CURRENT_PROJECT_VERSION = 1;
				DEVELOPMENT_TEAM = F6266H32KA;
				GENERATE_INFOPLIST_FILE = YES;
				MACOSX_DEPLOYMENT_TARGET = 14.2;
				MARKETING_VERSION = 1.0;
				PRODUCT_BUNDLE_IDENTIFIER = com.JaxApps.spritekit.dolbypottersadventureTests;
				PRODUCT_NAME = "$(TARGET_NAME)";
				SWIFT_EMIT_LOC_STRINGS = NO;
				SWIFT_VERSION = 5.0;
				TEST_HOST = "$(BUILT_PRODUCTS_DIR)/dolbypottersadventure.app/$(BUNDLE_EXECUTABLE_FOLDER_PATH)/dolbypottersadventure";
			};
			name = Debug;
		};
		E7B282782B8CC2DD00D1A58E /* Release */ = {
			isa = XCBuildConfiguration;
			buildSettings = {
				ALWAYS_EMBED_SWIFT_STANDARD_LIBRARIES = YES;
				BUNDLE_LOADER = "$(TEST_HOST)";
				CODE_SIGN_STYLE = Automatic;
				CURRENT_PROJECT_VERSION = 1;
				DEVELOPMENT_TEAM = F6266H32KA;
				GENERATE_INFOPLIST_FILE = YES;
				MACOSX_DEPLOYMENT_TARGET = 14.2;
				MARKETING_VERSION = 1.0;
				PRODUCT_BUNDLE_IDENTIFIER = com.JaxApps.spritekit.dolbypottersadventureTests;
				PRODUCT_NAME = "$(TARGET_NAME)";
				SWIFT_EMIT_LOC_STRINGS = NO;
				SWIFT_VERSION = 5.0;
				TEST_HOST = "$(BUILT_PRODUCTS_DIR)/dolbypottersadventure.app/$(BUNDLE_EXECUTABLE_FOLDER_PATH)/dolbypottersadventure";
			};
			name = Release;
		};
		E7B2827A2B8CC2DD00D1A58E /* Debug */ = {
			isa = XCBuildConfiguration;
			buildSettings = {
				ALWAYS_EMBED_SWIFT_STANDARD_LIBRARIES = YES;
				CODE_SIGN_STYLE = Automatic;
				CURRENT_PROJECT_VERSION = 1;
				DEVELOPMENT_TEAM = F6266H32KA;
				GENERATE_INFOPLIST_FILE = YES;
				MARKETING_VERSION = 1.0;
				PRODUCT_BUNDLE_IDENTIFIER = com.JaxApps.spritekit.dolbypottersadventureUITests;
				PRODUCT_NAME = "$(TARGET_NAME)";
				SWIFT_EMIT_LOC_STRINGS = NO;
				SWIFT_VERSION = 5.0;
				TEST_TARGET_NAME = dolbypottersadventure;
			};
			name = Debug;
		};
		E7B2827B2B8CC2DD00D1A58E /* Release */ = {
			isa = XCBuildConfiguration;
			buildSettings = {
				ALWAYS_EMBED_SWIFT_STANDARD_LIBRARIES = YES;
				CODE_SIGN_STYLE = Automatic;
				CURRENT_PROJECT_VERSION = 1;
				DEVELOPMENT_TEAM = F6266H32KA;
				GENERATE_INFOPLIST_FILE = YES;
				MARKETING_VERSION = 1.0;
				PRODUCT_BUNDLE_IDENTIFIER = com.JaxApps.spritekit.dolbypottersadventureUITests;
				PRODUCT_NAME = "$(TARGET_NAME)";
				SWIFT_EMIT_LOC_STRINGS = NO;
				SWIFT_VERSION = 5.0;
				TEST_TARGET_NAME = dolbypottersadventure;
			};
			name = Release;
		};
/* End XCBuildConfiguration section */

/* Begin XCConfigurationList section */
		E7B282432B8CC2DB00D1A58E /* Build configuration list for PBXProject "dolbypottersadventure" */ = {
			isa = XCConfigurationList;
			buildConfigurations = (
				E7B282712B8CC2DD00D1A58E /* Debug */,
				E7B282722B8CC2DD00D1A58E /* Release */,
			);
			defaultConfigurationIsVisible = 0;
			defaultConfigurationName = Release;
		};
		E7B282732B8CC2DD00D1A58E /* Build configuration list for PBXNativeTarget "dolbypottersadventure" */ = {
			isa = XCConfigurationList;
			buildConfigurations = (
				E7B282742B8CC2DD00D1A58E /* Debug */,
				E7B282752B8CC2DD00D1A58E /* Release */,
			);
			defaultConfigurationIsVisible = 0;
			defaultConfigurationName = Release;
		};
		E7B282762B8CC2DD00D1A58E /* Build configuration list for PBXNativeTarget "dolbypottersadventureTests" */ = {
			isa = XCConfigurationList;
			buildConfigurations = (
				E7B282772B8CC2DD00D1A58E /* Debug */,
				E7B282782B8CC2DD00D1A58E /* Release */,
			);
			defaultConfigurationIsVisible = 0;
			defaultConfigurationName = Release;
		};
		E7B282792B8CC2DD00D1A58E /* Build configuration list for PBXNativeTarget "dolbypottersadventureUITests" */ = {
			isa = XCConfigurationList;
			buildConfigurations = (
				E7B2827A2B8CC2DD00D1A58E /* Debug */,
				E7B2827B2B8CC2DD00D1A58E /* Release */,
			);
			defaultConfigurationIsVisible = 0;
			defaultConfigurationName = Release;
		};
/* End XCConfigurationList section */
	};
	rootObject = E7B282402B8CC2DB00D1A58E /* Project object */;
}
